
Microsoft Visual Studio Solution File, Format Version 12.00
# Visual Studio Version 17
VisualStudioVersion = 17.5.002.0
MinimumVisualStudioVersion = 10.0.40219.1
Project("{9A19103F-16F7-4668-BE54-9A1E7A4F7556}") = "day5", "day5.csproj", "{B666CC0B-47E4-4163-8D50-BE973943E633}"
EndProject
Global
	GlobalSection(SolutionConfigurationPlatforms) = preSolution
		Debug|Any CPU = Debug|Any CPU
		Release|Any CPU = Release|Any CPU
	EndGlobalSection
	GlobalSection(ProjectConfigurationPlatforms) = postSolution
		{B666CC0B-47E4-4163-8D50-BE973943E633}.Debug|Any CPU.ActiveCfg = Debug|Any CPU
		{B666CC0B-47E4-4163-8D50-BE973943E633}.Debug|Any CPU.Build.0 = Debug|Any CPU
		{B666CC0B-47E4-4163-8D50-BE973943E633}.Release|Any CPU.ActiveCfg = Release|Any CPU
		{B666CC0B-47E4-4163-8D50-BE973943E633}.Release|Any CPU.Build.0 = Release|Any CPU
	EndGlobalSection
	GlobalSection(SolutionProperties) = preSolution
		HideSolutionNode = FALSE
	EndGlobalSection
	GlobalSection(ExtensibilityGlobals) = postSolution
		SolutionGuid = {00F91B5B-323C-4F31-934A-E3769936F0B4}
	EndGlobalSection
EndGlobal
